
Microsoft Visual Studio Solution File, Format Version 12.00
# Visual Studio 15
VisualStudioVersion = 15.0.27130.2036
MinimumVisualStudioVersion = 10.0.40219.1
Project("{9A19103F-16F7-4668-BE54-9A1E7A4F7556}") = "NetCoreWebApiShell.Api", "src\NetCoreWebApiShell.Api\NetCoreWebApiShell.Api.csproj", "{58A88642-27A7-4FA4-88B8-384E2F9B2DD8}"
EndProject
Project("{2150E333-8FDC-42A3-9474-1A3956D46DE8}") = "src", "src", "{C6219B9C-229E-4895-B0D0-D39D609D06A4}"
EndProject
Project("{2150E333-8FDC-42A3-9474-1A3956D46DE8}") = "test", "test", "{EC0209FA-87CF-43AA-93DD-8BFF15D5B90C}"
EndProject
Project("{FAE04EC0-301F-11D3-BF4B-00C04F79EFBC}") = "NetCoreWebApiShell.Api.Tests", "test\NetCoreWebApiShell.Api.Tests\NetCoreWebApiShell.Api.Tests.csproj", "{CD5738F7-0413-401A-846E-06A7D6D8A48B}"
EndProject
Global
	GlobalSection(SolutionConfigurationPlatforms) = preSolution
		Debug|Any CPU = Debug|Any CPU
		Release|Any CPU = Release|Any CPU
	EndGlobalSection
	GlobalSection(ProjectConfigurationPlatforms) = postSolution
		{58A88642-27A7-4FA4-88B8-384E2F9B2DD8}.Debug|Any CPU.ActiveCfg = Debug|Any CPU
		{58A88642-27A7-4FA4-88B8-384E2F9B2DD8}.Debug|Any CPU.Build.0 = Debug|Any CPU
		{58A88642-27A7-4FA4-88B8-384E2F9B2DD8}.Release|Any CPU.ActiveCfg = Release|Any CPU
		{58A88642-27A7-4FA4-88B8-384E2F9B2DD8}.Release|Any CPU.Build.0 = Release|Any CPU
		{CD5738F7-0413-401A-846E-06A7D6D8A48B}.Debug|Any CPU.ActiveCfg = Debug|Any CPU
		{CD5738F7-0413-401A-846E-06A7D6D8A48B}.Debug|Any CPU.Build.0 = Debug|Any CPU
		{CD5738F7-0413-401A-846E-06A7D6D8A48B}.Release|Any CPU.ActiveCfg = Release|Any CPU
		{CD5738F7-0413-401A-846E-06A7D6D8A48B}.Release|Any CPU.Build.0 = Release|Any CPU
	EndGlobalSection
	GlobalSection(SolutionProperties) = preSolution
		HideSolutionNode = FALSE
	EndGlobalSection
	GlobalSection(NestedProjects) = preSolution
		{58A88642-27A7-4FA4-88B8-384E2F9B2DD8} = {C6219B9C-229E-4895-B0D0-D39D609D06A4}
		{CD5738F7-0413-401A-846E-06A7D6D8A48B} = {EC0209FA-87CF-43AA-93DD-8BFF15D5B90C}
	EndGlobalSection
	GlobalSection(ExtensibilityGlobals) = postSolution
		SolutionGuid = {C3D9D397-FBAD-4883-B979-C66128F24C10}
	EndGlobalSection
EndGlobal
